
Microsoft Visual Studio Solution File, Format Version 12.00
# Visual Studio Version 16
VisualStudioVersion = 16.0.31229.75
MinimumVisualStudioVersion = 10.0.40219.1
Project("{FAE04EC0-301F-11D3-BF4B-00C04F79EFBC}") = "Mathmate", "Mathmate\Mathmate.csproj", "{CCD1844D-30BE-4E73-AC2C-DE0F71AABCAC}"
EndProject
Global
	GlobalSection(SolutionConfigurationPlatforms) = preSolution
		Debug|Any CPU = Debug|Any CPU
		Release|Any CPU = Release|Any CPU
	EndGlobalSection
	GlobalSection(ProjectConfigurationPlatforms) = postSolution
		{CCD1844D-30BE-4E73-AC2C-DE0F71AABCAC}.Debug|Any CPU.ActiveCfg = Debug|Any CPU
		{CCD1844D-30BE-4E73-AC2C-DE0F71AABCAC}.Debug|Any CPU.Build.0 = Debug|Any CPU
		{CCD1844D-30BE-4E73-AC2C-DE0F71AABCAC}.Release|Any CPU.ActiveCfg = Release|Any CPU
		{CCD1844D-30BE-4E73-AC2C-DE0F71AABCAC}.Release|Any CPU.Build.0 = Release|Any CPU
	EndGlobalSection
	GlobalSection(SolutionProperties) = preSolution
		HideSolutionNode = FALSE
	EndGlobalSection
	GlobalSection(ExtensibilityGlobals) = postSolution
		SolutionGuid = {627DDF4C-B497-4326-BE3D-EEB076B725D3}
	EndGlobalSection
EndGlobal
